
Microsoft Visual Studio Solution File, Format Version 12.00
# Visual Studio Version 17
VisualStudioVersion = 17.13.35818.85
MinimumVisualStudioVersion = 10.0.40219.1
Project("{FAE04EC0-301F-11D3-BF4B-00C04F79EFBC}") = "ConsoleApp2", "ConsoleApp2\ConsoleApp2.csproj", "{104E7CEE-BB5D-4389-A7FB-CE27D4E81785}"
EndProject
Project("{FAE04EC0-301F-11D3-BF4B-00C04F79EFBC}") = "SyntaxWinApp01", "SyntaxWinapp01\SyntaxWinApp01.csproj", "{2B389B02-C5D7-443E-B679-AB6B62269FB0}"
EndProject
Project("{FAE04EC0-301F-11D3-BF4B-00C04F79EFBC}") = "SyntaxWinApp02", "SyntaxWinApp02\SyntaxWinApp02.csproj", "{C342D676-D87B-4873-B4D6-F7F0D4C65E0D}"
EndProject
Project("{FAE04EC0-301F-11D3-BF4B-00C04F79EFBC}") = "SyntaxWinApp03", "SyntaxWinApp03\SyntaxWinApp03.csproj", "{DC4F3785-714D-4556-AD5F-9550C2BC87B2}"
EndProject
Project("{FAE04EC0-301F-11D3-BF4B-00C04F79EFBC}") = "SyntaxWinApp04", "SyntaxWinApp04\SyntaxWinApp04.csproj", "{1BCBBA48-0DF1-4202-85F9-79D6E63C4F11}"
EndProject
Global
	GlobalSection(SolutionConfigurationPlatforms) = preSolution
		Debug|Any CPU = Debug|Any CPU
		Release|Any CPU = Release|Any CPU
	EndGlobalSection
	GlobalSection(ProjectConfigurationPlatforms) = postSolution
		{104E7CEE-BB5D-4389-A7FB-CE27D4E81785}.Debug|Any CPU.ActiveCfg = Debug|Any CPU
		{104E7CEE-BB5D-4389-A7FB-CE27D4E81785}.Debug|Any CPU.Build.0 = Debug|Any CPU
		{104E7CEE-BB5D-4389-A7FB-CE27D4E81785}.Release|Any CPU.ActiveCfg = Release|Any CPU
		{104E7CEE-BB5D-4389-A7FB-CE27D4E81785}.Release|Any CPU.Build.0 = Release|Any CPU
		{2B389B02-C5D7-443E-B679-AB6B62269FB0}.Debug|Any CPU.ActiveCfg = Debug|Any CPU
		{2B389B02-C5D7-443E-B679-AB6B62269FB0}.Debug|Any CPU.Build.0 = Debug|Any CPU
		{2B389B02-C5D7-443E-B679-AB6B62269FB0}.Release|Any CPU.ActiveCfg = Release|Any CPU
		{2B389B02-C5D7-443E-B679-AB6B62269FB0}.Release|Any CPU.Build.0 = Release|Any CPU
		{C342D676-D87B-4873-B4D6-F7F0D4C65E0D}.Debug|Any CPU.ActiveCfg = Debug|Any CPU
		{C342D676-D87B-4873-B4D6-F7F0D4C65E0D}.Debug|Any CPU.Build.0 = Debug|Any CPU
		{C342D676-D87B-4873-B4D6-F7F0D4C65E0D}.Release|Any CPU.ActiveCfg = Release|Any CPU
		{C342D676-D87B-4873-B4D6-F7F0D4C65E0D}.Release|Any CPU.Build.0 = Release|Any CPU
		{DC4F3785-714D-4556-AD5F-9550C2BC87B2}.Debug|Any CPU.ActiveCfg = Debug|Any CPU
		{DC4F3785-714D-4556-AD5F-9550C2BC87B2}.Debug|Any CPU.Build.0 = Debug|Any CPU
		{DC4F3785-714D-4556-AD5F-9550C2BC87B2}.Release|Any CPU.ActiveCfg = Release|Any CPU
		{DC4F3785-714D-4556-AD5F-9550C2BC87B2}.Release|Any CPU.Build.0 = Release|Any CPU
		{1BCBBA48-0DF1-4202-85F9-79D6E63C4F11}.Debug|Any CPU.ActiveCfg = Debug|Any CPU
		{1BCBBA48-0DF1-4202-85F9-79D6E63C4F11}.Debug|Any CPU.Build.0 = Debug|Any CPU
		{1BCBBA48-0DF1-4202-85F9-79D6E63C4F11}.Release|Any CPU.ActiveCfg = Release|Any CPU
		{1BCBBA48-0DF1-4202-85F9-79D6E63C4F11}.Release|Any CPU.Build.0 = Release|Any CPU
	EndGlobalSection
	GlobalSection(SolutionProperties) = preSolution
		HideSolutionNode = FALSE
	EndGlobalSection
	GlobalSection(ExtensibilityGlobals) = postSolution
		SolutionGuid = {33C7EA5E-D055-4B1E-BB2F-F55DFA03E524}
	EndGlobalSection
EndGlobal
